{
  "name": "js_algorithm",
  "version": "1.0.0",
  "lockfileVersion": 1,
  "requires": true,
  "dependencies": {
    "codemirror": {
      "version": "5.55.0",
      "resolved": "http://r.npm.sankuai.com/codemirror/download/codemirror-5.55.0.tgz",
      "integrity": "sha1-I3MfZBKI8gKmhY/ch48xSeDgQ2M="
    }
  }
}
